github.com/xtaci/smux v1.5.44 h1:7T61zLfFX1jokXj6d+lPaxHnVwgYiJ7EN94DAudKqpg=
github.com/xtaci/smux v1.5.44/go.mod h1:IGQ9QYrBphmb/4aTnLEcJby0TNr3NV+OslIOMrX825Q=
go.qbee.io/transport v1.25.28 h1:S6X91ORNaRrPsNn3x80gQWAnX4jIyVXG76R8u6dLkKw=
go.qbee.io/transport v1.25.28/go.mod h1:SBtAKI5/BjXrXYGRDT04gSjyZxQiuvRApSDeFWeelh4=
golang.org/x/sys v0.38.0 h1:3yZWxaJjBmCWXqhN1qh02AkOnCQ1poK6oF+a7xWL6Gc=
golang.org/x/sys v0.38.0/go.mod h1:OgkHotnGiDImocRcuBABYBEXf8A9a87e/uXjp9XT3ks=
golang.org/x/term v0.37.0 h1:8EGAD0qCmHYZg6J17DvsMy9/wJ7/D/4pV/wfnld5lTU=
golang.org/x/term v0.37.0/go.mod h1:5pB4lxRNYYVZuTLmy8oR2BH8dflOR+IbTYFD8fi3254=
