github.com/xtaci/smux v1.5.55 h1:BdOj0tHZmiZOeZ8VQaOKpBcuL2MIMed5Ubhn5G3xDlo=
github.com/xtaci/smux v1.5.55/go.mod h1:IGQ9QYrBphmb/4aTnLEcJby0TNr3NV+OslIOMrX825Q=
go.qbee.io/transport v1.25.28 h1:S6X91ORNaRrPsNn3x80gQWAnX4jIyVXG76R8u6dLkKw=
go.qbee.io/transport v1.25.28/go.mod h1:SBtAKI5/BjXrXYGRDT04gSjyZxQiuvRApSDeFWeelh4=
golang.org/x/sys v0.40.0 h1:DBZZqJ2Rkml6QMQsZywtnjnnGvHza6BTfYFWY9kjEWQ=
golang.org/x/sys v0.40.0/go.mod h1:OgkHotnGiDImocRcuBABYBEXf8A9a87e/uXjp9XT3ks=
golang.org/x/term v0.39.0 h1:RclSuaJf32jOqZz74CkPA9qFuVTX7vhLlpfj/IGWlqY=
golang.org/x/term v0.39.0/go.mod h1:yxzUCTP/U+FzoxfdKmLaA0RV1WgE0VY7hXBwKtY/4ww=
